// !$*UTF8*$!
{
	archiveVersion = 1;
	classes = {
	};
	objectVersion = 50;
	objects = {

/* Begin PBXBuildFile section */
		349553B423456139004EB34E /* AppDelegate.swift in Sources */ = {isa = PBXBuildFile; fileRef = 349553B323456139004EB34E /* AppDelegate.swift */; };
		349553B623456139004EB34E /* SceneDelegate.swift in Sources */ = {isa = PBXBuildFile; fileRef = 349553B523456139004EB34E /* SceneDelegate.swift */; };
		349553BB23456139004EB34E /* Main.storyboard in Resources */ = {isa = PBXBuildFile; fileRef = 349553B923456139004EB34E /* Main.storyboard */; };
		349553BD2345613B004EB34E /* Assets.xcassets in Resources */ = {isa = PBXBuildFile; fileRef = 349553BC2345613B004EB34E /* Assets.xcassets */; };
		349553C02345613B004EB34E /* LaunchScreen.storyboard in Resources */ = {isa = PBXBuildFile; fileRef = 349553BE2345613B004EB34E /* LaunchScreen.storyboard */; };
		349553C9234563E9004EB34E /* representative.swift in Sources */ = {isa = PBXBuildFile; fileRef = 349553C8234563E9004EB34E /* representative.swift */; };
		349553CB234564D5004EB34E /* RepresentativeController.swift in Sources */ = {isa = PBXBuildFile; fileRef = 349553CA234564D5004EB34E /* RepresentativeController.swift */; };
		34C0DD7123469034002135E4 /* RepTableViewCell.swift in Sources */ = {isa = PBXBuildFile; fileRef = 34C0DD7023469034002135E4 /* RepTableViewCell.swift */; };
		34D475F52346878C00233258 /* StateListTableViewController.swift in Sources */ = {isa = PBXBuildFile; fileRef = 34D475F42346878C00233258 /* StateListTableViewController.swift */; };
		34D475F72346881C00233258 /* States.swift in Sources */ = {isa = PBXBuildFile; fileRef = 34D475F62346881C00233258 /* States.swift */; };
		34D475FD234689CD00233258 /* StateDetailTableViewController.swift in Sources */ = {isa = PBXBuildFile; fileRef = 34D475FC234689CD00233258 /* StateDetailTableViewController.swift */; };
/* End PBXBuildFile section */

/* Begin PBXFileReference section */
		349553B023456139004EB34E /* representitives.app */ = {isa = PBXFileReference; explicitFileType = wrapper.application; includeInIndex = 0; path = representitives.app; sourceTree = BUILT_PRODUCTS_DIR; };
		349553B323456139004EB34E /* AppDelegate.swift */ = {isa = PBXFileReference; lastKnownFileType = sourcecode.swift; path = AppDelegate.swift; sourceTree = "<group>"; };
		349553B523456139004EB34E /* SceneDelegate.swift */ = {isa = PBXFileReference; lastKnownFileType = sourcecode.swift; path = SceneDelegate.swift; sourceTree = "<group>"; };
		349553BA23456139004EB34E /* Base */ = {isa = PBXFileReference; lastKnownFileType = file.storyboard; name = Base; path = Base.lproj/Main.storyboard; sourceTree = "<group>"; };
		349553BC2345613B004EB34E /* Assets.xcassets */ = {isa = PBXFileReference; lastKnownFileType = folder.assetcatalog; path = Assets.xcassets; sourceTree = "<group>"; };
		349553BF2345613B004EB34E /* Base */ = {isa = PBXFileReference; lastKnownFileType = file.storyboard; name = Base; path = Base.lproj/LaunchScreen.storyboard; sourceTree = "<group>"; };
		349553C12345613B004EB34E /* Info.plist */ = {isa = PBXFileReference; lastKnownFileType = text.plist.xml; path = Info.plist; sourceTree = "<group>"; };
		349553C8234563E9004EB34E /* representative.swift */ = {isa = PBXFileReference; lastKnownFileType = sourcecode.swift; path = representative.swift; sourceTree = "<group>"; };
		349553CA234564D5004EB34E /* RepresentativeController.swift */ = {isa = PBXFileReference; lastKnownFileType = sourcecode.swift; path = RepresentativeController.swift; sourceTree = "<group>"; };
		34C0DD7023469034002135E4 /* RepTableViewCell.swift */ = {isa = PBXFileReference; lastKnownFileType = sourcecode.swift; path = RepTableViewCell.swift; sourceTree = "<group>"; };
		34D475F42346878C00233258 /* StateListTableViewController.swift */ = {isa = PBXFileReference; lastKnownFileType = sourcecode.swift; path = StateListTableViewController.swift; sourceTree = "<group>"; };
		34D475F62346881C00233258 /* States.swift */ = {isa = PBXFileReference; lastKnownFileType = sourcecode.swift; path = States.swift; sourceTree = "<group>"; };
		34D475FC234689CD00233258 /* StateDetailTableViewController.swift */ = {isa = PBXFileReference; lastKnownFileType = sourcecode.swift; path = StateDetailTableViewController.swift; sourceTree = "<group>"; };
/* End PBXFileReference section */

/* Begin PBXFrameworksBuildPhase section */
		349553AD23456139004EB34E /* Frameworks */ = {
			isa = PBXFrameworksBuildPhase;
			buildActionMask = 2147483647;
			files = (
			);
			runOnlyForDeploymentPostprocessing = 0;
		};
/* End PBXFrameworksBuildPhase section */

/* Begin PBXGroup section */
		349553A723456139004EB34E = {
			isa = PBXGroup;
			children = (
				349553B223456139004EB34E /* representitives */,
				349553B123456139004EB34E /* Products */,
			);
			sourceTree = "<group>";
		};
		349553B123456139004EB34E /* Products */ = {
			isa = PBXGroup;
			children = (
				349553B023456139004EB34E /* representitives.app */,
			);
			name = Products;
			sourceTree = "<group>";
		};
		349553B223456139004EB34E /* representitives */ = {
			isa = PBXGroup;
			children = (
				349553B923456139004EB34E /* Main.storyboard */,
				34C0DD7023469034002135E4 /* RepTableViewCell.swift */,
				34D475F92346899100233258 /* controller */,
				34D475F82346898800233258 /* models */,
				349553C723456337004EB34E /* resources */,
			);
			path = representitives;
			sourceTree = "<group>";
		};
		349553C723456337004EB34E /* resources */ = {
			isa = PBXGroup;
			children = (
				349553B323456139004EB34E /* AppDelegate.swift */,
				349553B523456139004EB34E /* SceneDelegate.swift */,
				349553BC2345613B004EB34E /* Assets.xcassets */,
				349553BE2345613B004EB34E /* LaunchScreen.storyboard */,
				349553C12345613B004EB34E /* Info.plist */,
			);
			path = resources;
			sourceTree = "<group>";
		};
		34D475F82346898800233258 /* models */ = {
			isa = PBXGroup;
			children = (
				34D475F62346881C00233258 /* States.swift */,
				349553C8234563E9004EB34E /* representative.swift */,
			);
			path = models;
			sourceTree = "<group>";
		};
		34D475F92346899100233258 /* controller */ = {
			isa = PBXGroup;
			children = (
				34D475FB234689A800233258 /* model controller */,
				34D475FA2346899C00233258 /* view controller */,
			);
			path = controller;
			sourceTree = "<group>";
		};
		34D475FA2346899C00233258 /* view controller */ = {
			isa = PBXGroup;
			children = (
				34D475FC234689CD00233258 /* StateDetailTableViewController.swift */,
				34D475F42346878C00233258 /* StateListTableViewController.swift */,
			);
			path = "view controller";
			sourceTree = "<group>";
		};
		34D475FB234689A800233258 /* model controller */ = {
			isa = PBXGroup;
			children = (
				349553CA234564D5004EB34E /* RepresentativeController.swift */,
			);
			path = "model controller";
			sourceTree = "<group>";
		};
/* End PBXGroup section */

/* Begin PBXNativeTarget section */
		349553AF23456139004EB34E /* representitives */ = {
			isa = PBXNativeTarget;
			buildConfigurationList = 349553C42345613B004EB34E /* Build configuration list for PBXNativeTarget "representitives" */;
			buildPhases = (
				349553AC23456139004EB34E /* Sources */,
				349553AD23456139004EB34E /* Frameworks */,
				349553AE23456139004EB34E /* Resources */,
			);
			buildRules = (
			);
			dependencies = (
			);
			name = representitives;
			productName = representitives;
			productReference = 349553B023456139004EB34E /* representitives.app */;
			productType = "com.apple.product-type.application";
		};
/* End PBXNativeTarget section */

/* Begin PBXProject section */
		349553A823456139004EB34E /* Project object */ = {
			isa = PBXProject;
			attributes = {
				LastSwiftUpdateCheck = 1100;
				LastUpgradeCheck = 1100;
				ORGANIZATIONNAME = "Matthew O'Connor";
				TargetAttributes = {
					349553AF23456139004EB34E = {
						CreatedOnToolsVersion = 11.0;
					};
				};
			};
			buildConfigurationList = 349553AB23456139004EB34E /* Build configuration list for PBXProject "representitives" */;
			compatibilityVersion = "Xcode 9.3";
			developmentRegion = en;
			hasScannedForEncodings = 0;
			knownRegions = (
				en,
				Base,
			);
			mainGroup = 349553A723456139004EB34E;
			productRefGroup = 349553B123456139004EB34E /* Products */;
			projectDirPath = "";
			projectRoot = "";
			targets = (
				349553AF23456139004EB34E /* representitives */,
			);
		};
/* End PBXProject section */

/* Begin PBXResourcesBuildPhase section */
		349553AE23456139004EB34E /* Resources */ = {
			isa = PBXResourcesBuildPhase;
			buildActionMask = 2147483647;
			files = (
				349553C02345613B004EB34E /* LaunchScreen.storyboard in Resources */,
				349553BD2345613B004EB34E /* Assets.xcassets in Resources */,
				349553BB23456139004EB34E /* Main.storyboard in Resources */,
			);
			runOnlyForDeploymentPostprocessing = 0;
		};
/* End PBXResourcesBuildPhase section */

/* Begin PBXSourcesBuildPhase section */
		349553AC23456139004EB34E /* Sources */ = {
			isa = PBXSourcesBuildPhase;
			buildActionMask = 2147483647;
			files = (
				349553B423456139004EB34E /* AppDelegate.swift in Sources */,
				349553B623456139004EB34E /* SceneDelegate.swift in Sources */,
				349553CB234564D5004EB34E /* RepresentativeController.swift in Sources */,
				34C0DD7123469034002135E4 /* RepTableViewCell.swift in Sources */,
				34D475F72346881C00233258 /* States.swift in Sources */,
				34D475FD234689CD00233258 /* StateDetailTableViewController.swift in Sources */,
				34D475F52346878C00233258 /* StateListTableViewController.swift in Sources */,
				349553C9234563E9004EB34E /* representative.swift in Sources */,
			);
			runOnlyForDeploymentPostprocessing = 0;
		};
/* End PBXSourcesBuildPhase section */

/* Begin PBXVariantGroup section */
		349553B923456139004EB34E /* Main.storyboard */ = {
			isa = PBXVariantGroup;
			children = (
				349553BA23456139004EB34E /* Base */,
			);
			name = Main.storyboard;
			sourceTree = "<group>";
		};
		349553BE2345613B004EB34E /* LaunchScreen.storyboard */ = {
			isa = PBXVariantGroup;
			children = (
				349553BF2345613B004EB34E /* Base */,
			);
			name = LaunchScreen.storyboard;
			sourceTree = "<group>";
		};
/* End PBXVariantGroup section */

/* Begin XCBuildConfiguration section */
		349553C22345613B004EB34E /* Debug */ = {
			isa = XCBuildConfiguration;
			buildSettings = {
				ALWAYS_SEARCH_USER_PATHS = NO;
				CLANG_ANALYZER_NONNULL = YES;
				CLANG_ANALYZER_NUMBER_OBJECT_CONVERSION = YES_AGGRESSIVE;
				CLANG_CXX_LANGUAGE_STANDARD = "gnu++14";
				CLANG_CXX_LIBRARY = "libc++";
				CLANG_ENABLE_MODULES = YES;
				CLANG_ENABLE_OBJC_ARC = YES;
				CLANG_ENABLE_OBJC_WEAK = YES;
				CLANG_WARN_BLOCK_CAPTURE_AUTORELEASING = YES;
				CLANG_WARN_BOOL_CONVERSION = YES;
				CLANG_WARN_COMMA = YES;
				CLANG_WARN_CONSTANT_CONVERSION = YES;
				CLANG_WARN_DEPRECATED_OBJC_IMPLEMENTATIONS = YES;
				CLANG_WARN_DIRECT_OBJC_ISA_USAGE = YES_ERROR;
				CLANG_WARN_DOCUMENTATION_COMMENTS = YES;
				CLANG_WARN_EMPTY_BODY = YES;
				CLANG_WARN_ENUM_CONVERSION = YES;
				CLANG_WARN_INFINITE_RECURSION = YES;
				CLANG_WARN_INT_CONVERSION = YES;
				CLANG_WARN_NON_LITERAL_NULL_CONVERSION = YES;
				CLANG_WARN_OBJC_IMPLICIT_RETAIN_SELF = YES;
				CLANG_WARN_OBJC_LITERAL_CONVERSION = YES;
				CLANG_WARN_OBJC_ROOT_CLASS = YES_ERROR;
				CLANG_WARN_RANGE_LOOP_ANALYSIS = YES;
				CLANG_WARN_STRICT_PROTOTYPES = YES;
				CLANG_WARN_SUSPICIOUS_MOVE = YES;
				CLANG_WARN_UNGUARDED_AVAILABILITY = YES_AGGRESSIVE;
				CLANG_WARN_UNREACHABLE_CODE = YES;
				CLANG_WARN__DUPLICATE_METHOD_MATCH = YES;
				COPY_PHASE_STRIP = NO;
				DEBUG_INFORMATION_FORMAT = dwarf;
				ENABLE_STRICT_OBJC_MSGSEND = YES;
				ENABLE_TESTABILITY = YES;
				GCC_C_LANGUAGE_STANDARD = gnu11;
				GCC_DYNAMIC_NO_PIC = NO;
				GCC_NO_COMMON_BLOCKS = YES;
				GCC_OPTIMIZATION_LEVEL = 0;
				GCC_PREPROCESSOR_DEFINITIONS = (
					"DEBUG=1",
					"$(inherited)",
				);
				GCC_WARN_64_TO_32_BIT_CONVERSION = YES;
				GCC_WARN_ABOUT_RETURN_TYPE = YES_ERROR;
				GCC_WARN_UNDECLARED_SELECTOR = YES;
				GCC_WARN_UNINITIALIZED_AUTOS = YES_AGGRESSIVE;
				GCC_WARN_UNUSED_FUNCTION = YES;
				GCC_WARN_UNUSED_VARIABLE = YES;
				IPHONEOS_DEPLOYMENT_TARGET = 13.0;
				MTL_ENABLE_DEBUG_INFO = INCLUDE_SOURCE;
				MTL_FAST_MATH = YES;
				ONLY_ACTIVE_ARCH = YES;
				SDKROOT = iphoneos;
				SWIFT_ACTIVE_COMPILATION_CONDITIONS = DEBUG;
				SWIFT_OPTIMIZATION_LEVEL = "-Onone";
			};
			name = Debug;
		};
		349553C32345613B004EB34E /* Release */ = {
			isa = XCBuildConfiguration;
			buildSettings = {
				ALWAYS_SEARCH_USER_PATHS = NO;
				CLANG_ANALYZER_NONNULL = YES;
				CLANG_ANALYZER_NUMBER_OBJECT_CONVERSION = YES_AGGRESSIVE;
				CLANG_CXX_LANGUAGE_STANDARD = "gnu++14";
				CLANG_CXX_LIBRARY = "libc++";
				CLANG_ENABLE_MODULES = YES;
				CLANG_ENABLE_OBJC_ARC = YES;
				CLANG_ENABLE_OBJC_WEAK = YES;
				CLANG_WARN_BLOCK_CAPTURE_AUTORELEASING = YES;
				CLANG_WARN_BOOL_CONVERSION = YES;
				CLANG_WARN_COMMA = YES;
				CLANG_WARN_CONSTANT_CONVERSION = YES;
				CLANG_WARN_DEPRECATED_OBJC_IMPLEMENTATIONS = YES;
				CLANG_WARN_DIRECT_OBJC_ISA_USAGE = YES_ERROR;
				CLANG_WARN_DOCUMENTATION_COMMENTS = YES;
				CLANG_WARN_EMPTY_BODY = YES;
				CLANG_WARN_ENUM_CONVERSION = YES;
				CLANG_WARN_INFINITE_RECURSION = YES;
				CLANG_WARN_INT_CONVERSION = YES;
				CLANG_WARN_NON_LITERAL_NULL_CONVERSION = YES;
				CLANG_WARN_OBJC_IMPLICIT_RETAIN_SELF = YES;
				CLANG_WARN_OBJC_LITERAL_CONVERSION = YES;
				CLANG_WARN_OBJC_ROOT_CLASS = YES_ERROR;
				CLANG_WARN_RANGE_LOOP_ANALYSIS = YES;
				CLANG_WARN_STRICT_PROTOTYPES = YES;
				CLANG_WARN_SUSPICIOUS_MOVE = YES;
				CLANG_WARN_UNGUARDED_AVAILABILITY = YES_AGGRESSIVE;
				CLANG_WARN_UNREACHABLE_CODE = YES;
				CLANG_WARN__DUPLICATE_METHOD_MATCH = YES;
				COPY_PHASE_STRIP = NO;
				DEBUG_INFORMATION_FORMAT = "dwarf-with-dsym";
				ENABLE_NS_ASSERTIONS = NO;
				ENABLE_STRICT_OBJC_MSGSEND = YES;
				GCC_C_LANGUAGE_STANDARD = gnu11;
				GCC_NO_COMMON_BLOCKS = YES;
				GCC_WARN_64_TO_32_BIT_CONVERSION = YES;
				GCC_WARN_ABOUT_RETURN_TYPE = YES_ERROR;
				GCC_WARN_UNDECLARED_SELECTOR = YES;
				GCC_WARN_UNINITIALIZED_AUTOS = YES_AGGRESSIVE;
				GCC_WARN_UNUSED_FUNCTION = YES;
				GCC_WARN_UNUSED_VARIABLE = YES;
				IPHONEOS_DEPLOYMENT_TARGET = 13.0;
				MTL_ENABLE_DEBUG_INFO = NO;
				MTL_FAST_MATH = YES;
				SDKROOT = iphoneos;
				SWIFT_COMPILATION_MODE = wholemodule;
				SWIFT_OPTIMIZATION_LEVEL = "-O";
				VALIDATE_PRODUCT = YES;
			};
			name = Release;
		};
		349553C52345613B004EB34E /* Debug */ = {
			isa = XCBuildConfiguration;
			buildSettings = {
				ASSETCATALOG_COMPILER_APPICON_NAME = AppIcon;
				CODE_SIGN_STYLE = Automatic;
				DEVELOPMENT_TEAM = RRGZ3XLFVN;
				INFOPLIST_FILE = representitives/resources/Info.plist;
				LD_RUNPATH_SEARCH_PATHS = (
					"$(inherited)",
					"@executable_path/Frameworks",
				);
				PRODUCT_BUNDLE_IDENTIFIER = deltas2k.representitives;
				PRODUCT_NAME = "$(TARGET_NAME)";
				SWIFT_VERSION = 5.0;
				TARGETED_DEVICE_FAMILY = "1,2";
			};
			name = Debug;
		};
		349553C62345613B004EB34E /* Release */ = {
			isa = XCBuildConfiguration;
			buildSettings = {
				ASSETCATALOG_COMPILER_APPICON_NAME = AppIcon;
				CODE_SIGN_STYLE = Automatic;
				DEVELOPMENT_TEAM = RRGZ3XLFVN;
				INFOPLIST_FILE = representitives/resources/Info.plist;
				LD_RUNPATH_SEARCH_PATHS = (
					"$(inherited)",
					"@executable_path/Frameworks",
				);
				PRODUCT_BUNDLE_IDENTIFIER = deltas2k.representitives;
				PRODUCT_NAME = "$(TARGET_NAME)";
				SWIFT_VERSION = 5.0;
				TARGETED_DEVICE_FAMILY = "1,2";
			};
			name = Release;
		};
/* End XCBuildConfiguration section */

/* Begin XCConfigurationList section */
		349553AB23456139004EB34E /* Build configuration list for PBXProject "representitives" */ = {
			isa = XCConfigurationList;
			buildConfigurations = (
				349553C22345613B004EB34E /* Debug */,
				349553C32345613B004EB34E /* Release */,
			);
			defaultConfigurationIsVisible = 0;
			defaultConfigurationName = Release;
		};
		349553C42345613B004EB34E /* Build configuration list for PBXNativeTarget "representitives" */ = {
			isa = XCConfigurationList;
			buildConfigurations = (
				349553C52345613B004EB34E /* Debug */,
				349553C62345613B004EB34E /* Release */,
			);
			defaultConfigurationIsVisible = 0;
			defaultConfigurationName = Release;
		};
/* End XCConfigurationList section */
	};
	rootObject = 349553A823456139004EB34E /* Project object */;
}
